{
  "name": "playwright-js-tests",
  "version": "1.0.0",
  "lockfileVersion": 3,
  "requires": true,
  "packages": {
    "": {
      "name": "playwright-js-tests",
      "version": "1.0.0",
      "devDependencies": {
        "cucumber-js": "^1.0.0"
      }
    },
    "node_modules/cucumber-js": {
      "version": "1.0.0",
      "resolved": "https://registry.npmjs.org/cucumber-js/-/cucumber-js-1.0.0.tgz",
      "integrity": "sha512-nvFslqg9jKbd3Lmbq6nI+euseoAz6CB0XQboOgUf9oUrbN1ZKNCwSHqkgHXN8w4zQ8MRoVg/zT5CVVS+l9zNkQ==",
      "dev": true,
      "license": "ISC",
      "bin": {
        "cucumber-js": "cli.js"
      }
    }
  }
}
